
Microsoft Visual Studio Solution File, Format Version 12.00
# Visual Studio Version 17
VisualStudioVersion = 17.0.32014.148
MinimumVisualStudioVersion = 10.0.40219.1
Project("{FAE04EC0-301F-11D3-BF4B-00C04F79EFBC}") = "School", "School\School.csproj", "{681CAC08-71F2-405E-A597-7D5377941140}"
EndProject
Global
	GlobalSection(SolutionConfigurationPlatforms) = preSolution
		Debug|Any CPU = Debug|Any CPU
		Release|Any CPU = Release|Any CPU
	EndGlobalSection
	GlobalSection(ProjectConfigurationPlatforms) = postSolution
		{681CAC08-71F2-405E-A597-7D5377941140}.Debug|Any CPU.ActiveCfg = Debug|Any CPU
		{681CAC08-71F2-405E-A597-7D5377941140}.Debug|Any CPU.Build.0 = Debug|Any CPU
		{681CAC08-71F2-405E-A597-7D5377941140}.Release|Any CPU.ActiveCfg = Release|Any CPU
		{681CAC08-71F2-405E-A597-7D5377941140}.Release|Any CPU.Build.0 = Release|Any CPU
	EndGlobalSection
	GlobalSection(SolutionProperties) = preSolution
		HideSolutionNode = FALSE
	EndGlobalSection
	GlobalSection(ExtensibilityGlobals) = postSolution
		SolutionGuid = {F73B4E54-2228-4B80-8ED6-E09832BFAD0B}
	EndGlobalSection
EndGlobal
